
Microsoft Visual Studio Solution File, Format Version 12.00
# Visual Studio 15
VisualStudioVersion = 15.0.28010.2026
MinimumVisualStudioVersion = 10.0.40219.1
Project("{FAE04EC0-301F-11D3-BF4B-00C04F79EFBC}") = "humza", "Usama\humza.csproj", "{6A0746E2-2DB5-4698-9486-59489BE5BFFE}"
EndProject
Global
	GlobalSection(SolutionConfigurationPlatforms) = preSolution
		Debug|Any CPU = Debug|Any CPU
		Release|Any CPU = Release|Any CPU
	EndGlobalSection
	GlobalSection(ProjectConfigurationPlatforms) = postSolution
		{6A0746E2-2DB5-4698-9486-59489BE5BFFE}.Debug|Any CPU.ActiveCfg = Debug|Any CPU
		{6A0746E2-2DB5-4698-9486-59489BE5BFFE}.Debug|Any CPU.Build.0 = Debug|Any CPU
		{6A0746E2-2DB5-4698-9486-59489BE5BFFE}.Release|Any CPU.ActiveCfg = Release|Any CPU
		{6A0746E2-2DB5-4698-9486-59489BE5BFFE}.Release|Any CPU.Build.0 = Release|Any CPU
	EndGlobalSection
	GlobalSection(SolutionProperties) = preSolution
		HideSolutionNode = FALSE
	EndGlobalSection
	GlobalSection(ExtensibilityGlobals) = postSolution
		SolutionGuid = {C9DD2F5A-D55A-4ADE-B71B-9B666CB3AD4B}
	EndGlobalSection
EndGlobal
